// !$*UTF8*$!
{
	archiveVersion = 1;
	classes = {
	};
	objectVersion = 46;
	objects = {

/* Begin PBXBuildFile section */
		2B13A092201E4C22002AB4AC /* MessageService.swift in Sources */ = {isa = PBXBuildFile; fileRef = 2B13A091201E4C22002AB4AC /* MessageService.swift */; };
		2B13A094201E4C82002AB4AC /* Channel.swift in Sources */ = {isa = PBXBuildFile; fileRef = 2B13A093201E4C82002AB4AC /* Channel.swift */; };
		2B13A098201E5A57002AB4AC /* ChannelCell.swift in Sources */ = {isa = PBXBuildFile; fileRef = 2B13A097201E5A57002AB4AC /* ChannelCell.swift */; };
		2B59C48F201BF53F00CBA599 /* CircleImage.swift in Sources */ = {isa = PBXBuildFile; fileRef = 2B59C48E201BF53E00CBA599 /* CircleImage.swift */; };
		2B59C49D201D5EBB00CBA599 /* ProfileVC.swift in Sources */ = {isa = PBXBuildFile; fileRef = 2B59C49B201D5EBB00CBA599 /* ProfileVC.swift */; };
		2B59C49E201D5EBB00CBA599 /* ProfileVC.xib in Resources */ = {isa = PBXBuildFile; fileRef = 2B59C49C201D5EBB00CBA599 /* ProfileVC.xib */; };
		2BAD360D200EE9BA009811D3 /* AppDelegate.swift in Sources */ = {isa = PBXBuildFile; fileRef = 2BAD360C200EE9BA009811D3 /* AppDelegate.swift */; };
		2BAD3612200EE9BA009811D3 /* Main.storyboard in Resources */ = {isa = PBXBuildFile; fileRef = 2BAD3610200EE9BA009811D3 /* Main.storyboard */; };
		2BAD3614200EE9BA009811D3 /* Assets.xcassets in Resources */ = {isa = PBXBuildFile; fileRef = 2BAD3613200EE9BA009811D3 /* Assets.xcassets */; };
		2BAD3617200EE9BA009811D3 /* LaunchScreen.storyboard in Resources */ = {isa = PBXBuildFile; fileRef = 2BAD3615200EE9BA009811D3 /* LaunchScreen.storyboard */; };
		2BEAF61A2016B03700D9AB1E /* SWRevealViewController.m in Sources */ = {isa = PBXBuildFile; fileRef = 2BEAF6192016B03700D9AB1E /* SWRevealViewController.m */; };
		2BEAF61F2016B31700D9AB1E /* ChatVC.swift in Sources */ = {isa = PBXBuildFile; fileRef = 2BEAF61E2016B31700D9AB1E /* ChatVC.swift */; };
		2BEAF6212016B33200D9AB1E /* ChannelVC.swift in Sources */ = {isa = PBXBuildFile; fileRef = 2BEAF6202016B33200D9AB1E /* ChannelVC.swift */; };
		2BEAF6232016BA1B00D9AB1E /* GradientView.swift in Sources */ = {isa = PBXBuildFile; fileRef = 2BEAF6222016BA1B00D9AB1E /* GradientView.swift */; };
		2BEAF6262016D41000D9AB1E /* Constants.swift in Sources */ = {isa = PBXBuildFile; fileRef = 2BEAF6252016D41000D9AB1E /* Constants.swift */; };
		2BEAF6282016DAC100D9AB1E /* LogInVC.swift in Sources */ = {isa = PBXBuildFile; fileRef = 2BEAF6272016DAC100D9AB1E /* LogInVC.swift */; };
		2BEAF62A2016DFB800D9AB1E /* CreateAccountVC.swift in Sources */ = {isa = PBXBuildFile; fileRef = 2BEAF6292016DFB800D9AB1E /* CreateAccountVC.swift */; };
		2BEAF62D2017C9BF00D9AB1E /* AuthService.swift in Sources */ = {isa = PBXBuildFile; fileRef = 2BEAF62C2017C9BF00D9AB1E /* AuthService.swift */; };
		2BEAF62F2017D96F00D9AB1E /* RoundedButton.swift in Sources */ = {isa = PBXBuildFile; fileRef = 2BEAF62E2017D96F00D9AB1E /* RoundedButton.swift */; };
		2BEAF6312019133800D9AB1E /* UserDataService.swift in Sources */ = {isa = PBXBuildFile; fileRef = 2BEAF6302019133800D9AB1E /* UserDataService.swift */; };
		2BFEBE212019652100E72FDC /* AvatarPickerVC.swift in Sources */ = {isa = PBXBuildFile; fileRef = 2BFEBE202019652100E72FDC /* AvatarPickerVC.swift */; };
		2BFEBE23201967A900E72FDC /* AvatarCell.swift in Sources */ = {isa = PBXBuildFile; fileRef = 2BFEBE22201967A900E72FDC /* AvatarCell.swift */; };
		92E9C73192E67E49182F03BB /* Pods_smack.framework in Frameworks */ = {isa = PBXBuildFile; fileRef = 203805A393D3146D90FD4638 /* Pods_smack.framework */; };
/* End PBXBuildFile section */

/* Begin PBXFileReference section */
		0F6729A6140CE0095F883D73 /* Pods-smack.debug.xcconfig */ = {isa = PBXFileReference; includeInIndex = 1; lastKnownFileType = text.xcconfig; name = "Pods-smack.debug.xcconfig"; path = "Pods/Target Support Files/Pods-smack/Pods-smack.debug.xcconfig"; sourceTree = "<group>"; };
		203805A393D3146D90FD4638 /* Pods_smack.framework */ = {isa = PBXFileReference; explicitFileType = wrapper.framework; includeInIndex = 0; path = Pods_smack.framework; sourceTree = BUILT_PRODUCTS_DIR; };
		2B13A091201E4C22002AB4AC /* MessageService.swift */ = {isa = PBXFileReference; fileEncoding = 4; lastKnownFileType = sourcecode.swift; path = MessageService.swift; sourceTree = "<group>"; };
		2B13A093201E4C82002AB4AC /* Channel.swift */ = {isa = PBXFileReference; fileEncoding = 4; lastKnownFileType = sourcecode.swift; path = Channel.swift; sourceTree = "<group>"; };
		2B13A097201E5A57002AB4AC /* ChannelCell.swift */ = {isa = PBXFileReference; fileEncoding = 4; lastKnownFileType = sourcecode.swift; path = ChannelCell.swift; sourceTree = "<group>"; };
		2B59C48E201BF53E00CBA599 /* CircleImage.swift */ = {isa = PBXFileReference; fileEncoding = 4; lastKnownFileType = sourcecode.swift; path = CircleImage.swift; sourceTree = "<group>"; };
		2B59C49B201D5EBB00CBA599 /* ProfileVC.swift */ = {isa = PBXFileReference; fileEncoding = 4; lastKnownFileType = sourcecode.swift; path = ProfileVC.swift; sourceTree = "<group>"; };
		2B59C49C201D5EBB00CBA599 /* ProfileVC.xib */ = {isa = PBXFileReference; fileEncoding = 4; lastKnownFileType = file.xib; path = ProfileVC.xib; sourceTree = "<group>"; };
		2BAD3609200EE9BA009811D3 /* smack.app */ = {isa = PBXFileReference; explicitFileType = wrapper.application; includeInIndex = 0; path = smack.app; sourceTree = BUILT_PRODUCTS_DIR; };
		2BAD360C200EE9BA009811D3 /* AppDelegate.swift */ = {isa = PBXFileReference; lastKnownFileType = sourcecode.swift; path = AppDelegate.swift; sourceTree = "<group>"; };
		2BAD3611200EE9BA009811D3 /* Base */ = {isa = PBXFileReference; lastKnownFileType = file.storyboard; name = Base; path = Base.lproj/Main.storyboard; sourceTree = "<group>"; };
		2BAD3613200EE9BA009811D3 /* Assets.xcassets */ = {isa = PBXFileReference; lastKnownFileType = folder.assetcatalog; path = Assets.xcassets; sourceTree = "<group>"; };
		2BAD3616200EE9BA009811D3 /* Base */ = {isa = PBXFileReference; lastKnownFileType = file.storyboard; name = Base; path = Base.lproj/LaunchScreen.storyboard; sourceTree = "<group>"; };
		2BAD3618200EE9BA009811D3 /* Info.plist */ = {isa = PBXFileReference; lastKnownFileType = text.plist.xml; path = Info.plist; sourceTree = "<group>"; };
		2BEAF6172016B03600D9AB1E /* smack-Bridging-Header.h */ = {isa = PBXFileReference; lastKnownFileType = sourcecode.c.h; path = "smack-Bridging-Header.h"; sourceTree = "<group>"; };
		2BEAF6182016B03700D9AB1E /* SWRevealViewController.h */ = {isa = PBXFileReference; fileEncoding = 4; lastKnownFileType = sourcecode.c.h; path = SWRevealViewController.h; sourceTree = "<group>"; };
		2BEAF6192016B03700D9AB1E /* SWRevealViewController.m */ = {isa = PBXFileReference; fileEncoding = 4; lastKnownFileType = sourcecode.c.objc; path = SWRevealViewController.m; sourceTree = "<group>"; };
		2BEAF61E2016B31700D9AB1E /* ChatVC.swift */ = {isa = PBXFileReference; fileEncoding = 4; lastKnownFileType = sourcecode.swift; path = ChatVC.swift; sourceTree = "<group>"; };
		2BEAF6202016B33200D9AB1E /* ChannelVC.swift */ = {isa = PBXFileReference; fileEncoding = 4; lastKnownFileType = sourcecode.swift; path = ChannelVC.swift; sourceTree = "<group>"; };
		2BEAF6222016BA1B00D9AB1E /* GradientView.swift */ = {isa = PBXFileReference; fileEncoding = 4; lastKnownFileType = sourcecode.swift; path = GradientView.swift; sourceTree = "<group>"; };
		2BEAF6252016D41000D9AB1E /* Constants.swift */ = {isa = PBXFileReference; fileEncoding = 4; lastKnownFileType = sourcecode.swift; path = Constants.swift; sourceTree = "<group>"; };
		2BEAF6272016DAC100D9AB1E /* LogInVC.swift */ = {isa = PBXFileReference; fileEncoding = 4; lastKnownFileType = sourcecode.swift; path = LogInVC.swift; sourceTree = "<group>"; };
		2BEAF6292016DFB800D9AB1E /* CreateAccountVC.swift */ = {isa = PBXFileReference; fileEncoding = 4; lastKnownFileType = sourcecode.swift; path = CreateAccountVC.swift; sourceTree = "<group>"; };
		2BEAF62C2017C9BF00D9AB1E /* AuthService.swift */ = {isa = PBXFileReference; fileEncoding = 4; lastKnownFileType = sourcecode.swift; path = AuthService.swift; sourceTree = "<group>"; };
		2BEAF62E2017D96F00D9AB1E /* RoundedButton.swift */ = {isa = PBXFileReference; fileEncoding = 4; lastKnownFileType = sourcecode.swift; path = RoundedButton.swift; sourceTree = "<group>"; };
		2BEAF6302019133800D9AB1E /* UserDataService.swift */ = {isa = PBXFileReference; fileEncoding = 4; lastKnownFileType = sourcecode.swift; path = UserDataService.swift; sourceTree = "<group>"; };
		2BFEBE202019652100E72FDC /* AvatarPickerVC.swift */ = {isa = PBXFileReference; fileEncoding = 4; lastKnownFileType = sourcecode.swift; path = AvatarPickerVC.swift; sourceTree = "<group>"; };
		2BFEBE22201967A900E72FDC /* AvatarCell.swift */ = {isa = PBXFileReference; fileEncoding = 4; lastKnownFileType = sourcecode.swift; path = AvatarCell.swift; sourceTree = "<group>"; };
		A39E0AC02139AC2FB9BD09F1 /* Pods-smack.release.xcconfig */ = {isa = PBXFileReference; includeInIndex = 1; lastKnownFileType = text.xcconfig; name = "Pods-smack.release.xcconfig"; path = "Pods/Target Support Files/Pods-smack/Pods-smack.release.xcconfig"; sourceTree = "<group>"; };
/* End PBXFileReference section */

/* Begin PBXFrameworksBuildPhase section */
		2BAD3606200EE9BA009811D3 /* Frameworks */ = {
			isa = PBXFrameworksBuildPhase;
			buildActionMask = 2147483647;
			files = (
				92E9C73192E67E49182F03BB /* Pods_smack.framework in Frameworks */,
			);
			runOnlyForDeploymentPostprocessing = 0;
		};
/* End PBXFrameworksBuildPhase section */

/* Begin PBXGroup section */
		24DE8356A769AAA12C0D5C4A /* Pods */ = {
			isa = PBXGroup;
			children = (
				0F6729A6140CE0095F883D73 /* Pods-smack.debug.xcconfig */,
				A39E0AC02139AC2FB9BD09F1 /* Pods-smack.release.xcconfig */,
			);
			name = Pods;
			sourceTree = "<group>";
		};
		2B59C494201D5C2400CBA599 /* XIBs */ = {
			isa = PBXGroup;
			children = (
				2B59C49C201D5EBB00CBA599 /* ProfileVC.xib */,
			);
			name = XIBs;
			sourceTree = "<group>";
		};
		2BAD3600200EE9BA009811D3 = {
			isa = PBXGroup;
			children = (
				2BAD360B200EE9BA009811D3 /* smack */,
				2BAD360A200EE9BA009811D3 /* Products */,
				24DE8356A769AAA12C0D5C4A /* Pods */,
				D9ECD344D45B761ECD79BC01 /* Frameworks */,
			);
			sourceTree = "<group>";
		};
		2BAD360A200EE9BA009811D3 /* Products */ = {
			isa = PBXGroup;
			children = (
				2BAD3609200EE9BA009811D3 /* smack.app */,
			);
			name = Products;
			sourceTree = "<group>";
		};
		2BAD360B200EE9BA009811D3 /* smack */ = {
			isa = PBXGroup;
			children = (
				2B59C494201D5C2400CBA599 /* XIBs */,
				2BEAF62B2017C99F00D9AB1E /* Services */,
				2BEAF6242016D3F700D9AB1E /* Utilities */,
				2BEAF61D2016B2DA00D9AB1E /* Model */,
				2BEAF61C2016B2D300D9AB1E /* View */,
				2BEAF61B2016B2C600D9AB1E /* Controller */,
				2BEAF6162016AFED00D9AB1E /* Supporting Files */,
				2BAD360C200EE9BA009811D3 /* AppDelegate.swift */,
				2BAD3610200EE9BA009811D3 /* Main.storyboard */,
				2BAD3613200EE9BA009811D3 /* Assets.xcassets */,
				2BAD3615200EE9BA009811D3 /* LaunchScreen.storyboard */,
				2BAD3618200EE9BA009811D3 /* Info.plist */,
			);
			path = smack;
			sourceTree = "<group>";
		};
		2BEAF6162016AFED00D9AB1E /* Supporting Files */ = {
			isa = PBXGroup;
			children = (
				2BEAF6182016B03700D9AB1E /* SWRevealViewController.h */,
				2BEAF6192016B03700D9AB1E /* SWRevealViewController.m */,
				2BEAF6172016B03600D9AB1E /* smack-Bridging-Header.h */,
			);
			name = "Supporting Files";
			path = ..;
			sourceTree = "<group>";
		};
		2BEAF61B2016B2C600D9AB1E /* Controller */ = {
			isa = PBXGroup;
			children = (
				2BEAF61E2016B31700D9AB1E /* ChatVC.swift */,
				2BEAF6202016B33200D9AB1E /* ChannelVC.swift */,
				2BEAF6272016DAC100D9AB1E /* LogInVC.swift */,
				2BEAF6292016DFB800D9AB1E /* CreateAccountVC.swift */,
				2BFEBE202019652100E72FDC /* AvatarPickerVC.swift */,
				2B59C49B201D5EBB00CBA599 /* ProfileVC.swift */,
			);
			name = Controller;
			sourceTree = "<group>";
		};
		2BEAF61C2016B2D300D9AB1E /* View */ = {
			isa = PBXGroup;
			children = (
				2BEAF6222016BA1B00D9AB1E /* GradientView.swift */,
				2BEAF62E2017D96F00D9AB1E /* RoundedButton.swift */,
				2BFEBE22201967A900E72FDC /* AvatarCell.swift */,
				2B59C48E201BF53E00CBA599 /* CircleImage.swift */,
				2B13A097201E5A57002AB4AC /* ChannelCell.swift */,
			);
			name = View;
			sourceTree = "<group>";
		};
		2BEAF61D2016B2DA00D9AB1E /* Model */ = {
			isa = PBXGroup;
			children = (
				2B13A093201E4C82002AB4AC /* Channel.swift */,
			);
			name = Model;
			sourceTree = "<group>";
		};
		2BEAF6242016D3F700D9AB1E /* Utilities */ = {
			isa = PBXGroup;
			children = (
				2BEAF6252016D41000D9AB1E /* Constants.swift */,
			);
			name = Utilities;
			sourceTree = "<group>";
		};
		2BEAF62B2017C99F00D9AB1E /* Services */ = {
			isa = PBXGroup;
			children = (
				2BEAF62C2017C9BF00D9AB1E /* AuthService.swift */,
				2BEAF6302019133800D9AB1E /* UserDataService.swift */,
				2B13A091201E4C22002AB4AC /* MessageService.swift */,
			);
			name = Services;
			sourceTree = "<group>";
		};
		D9ECD344D45B761ECD79BC01 /* Frameworks */ = {
			isa = PBXGroup;
			children = (
				203805A393D3146D90FD4638 /* Pods_smack.framework */,
			);
			name = Frameworks;
			sourceTree = "<group>";
		};
/* End PBXGroup section */

/* Begin PBXNativeTarget section */
		2BAD3608200EE9BA009811D3 /* smack */ = {
			isa = PBXNativeTarget;
			buildConfigurationList = 2BAD361B200EE9BA009811D3 /* Build configuration list for PBXNativeTarget "smack" */;
			buildPhases = (
				899EA0D7F1EAA02D9DCF1C8A /* [CP] Check Pods Manifest.lock */,
				2BAD3605200EE9BA009811D3 /* Sources */,
				2BAD3606200EE9BA009811D3 /* Frameworks */,
				2BAD3607200EE9BA009811D3 /* Resources */,
				0DA1ABDDAC5E36D1166967C8 /* [CP] Embed Pods Frameworks */,
				AB2B9DBBCFA20687A6368466 /* [CP] Copy Pods Resources */,
			);
			buildRules = (
			);
			dependencies = (
			);
			name = smack;
			productName = smack;
			productReference = 2BAD3609200EE9BA009811D3 /* smack.app */;
			productType = "com.apple.product-type.application";
		};
/* End PBXNativeTarget section */

/* Begin PBXProject section */
		2BAD3601200EE9BA009811D3 /* Project object */ = {
			isa = PBXProject;
			attributes = {
				LastSwiftUpdateCheck = 0820;
				LastUpgradeCheck = 0820;
				ORGANIZATIONNAME = "Sebastian Salamanca";
				TargetAttributes = {
					2BAD3608200EE9BA009811D3 = {
						CreatedOnToolsVersion = 8.2.1;
						LastSwiftMigration = 0820;
						ProvisioningStyle = Automatic;
					};
				};
			};
			buildConfigurationList = 2BAD3604200EE9BA009811D3 /* Build configuration list for PBXProject "smack" */;
			compatibilityVersion = "Xcode 3.2";
			developmentRegion = English;
			hasScannedForEncodings = 0;
			knownRegions = (
				en,
				Base,
			);
			mainGroup = 2BAD3600200EE9BA009811D3;
			productRefGroup = 2BAD360A200EE9BA009811D3 /* Products */;
			projectDirPath = "";
			projectRoot = "";
			targets = (
				2BAD3608200EE9BA009811D3 /* smack */,
			);
		};
/* End PBXProject section */

/* Begin PBXResourcesBuildPhase section */
		2BAD3607200EE9BA009811D3 /* Resources */ = {
			isa = PBXResourcesBuildPhase;
			buildActionMask = 2147483647;
			files = (
				2B59C49E201D5EBB00CBA599 /* ProfileVC.xib in Resources */,
				2BAD3617200EE9BA009811D3 /* LaunchScreen.storyboard in Resources */,
				2BAD3614200EE9BA009811D3 /* Assets.xcassets in Resources */,
				2BAD3612200EE9BA009811D3 /* Main.storyboard in Resources */,
			);
			runOnlyForDeploymentPostprocessing = 0;
		};
/* End PBXResourcesBuildPhase section */

/* Begin PBXShellScriptBuildPhase section */
		0DA1ABDDAC5E36D1166967C8 /* [CP] Embed Pods Frameworks */ = {
			isa = PBXShellScriptBuildPhase;
			buildActionMask = 2147483647;
			files = (
			);
			inputPaths = (
			);
			name = "[CP] Embed Pods Frameworks";
			outputPaths = (
			);
			runOnlyForDeploymentPostprocessing = 0;
			shellPath = /bin/sh;
			shellScript = "\"${SRCROOT}/Pods/Target Support Files/Pods-smack/Pods-smack-frameworks.sh\"\n";
			showEnvVarsInLog = 0;
		};
		899EA0D7F1EAA02D9DCF1C8A /* [CP] Check Pods Manifest.lock */ = {
			isa = PBXShellScriptBuildPhase;
			buildActionMask = 2147483647;
			files = (
			);
			inputPaths = (
			);
			name = "[CP] Check Pods Manifest.lock";
			outputPaths = (
			);
			runOnlyForDeploymentPostprocessing = 0;
			shellPath = /bin/sh;
			shellScript = "diff \"${PODS_ROOT}/../Podfile.lock\" \"${PODS_ROOT}/Manifest.lock\" > /dev/null\nif [ $? != 0 ] ; then\n    # print error to STDERR\n    echo \"error: The sandbox is not in sync with the Podfile.lock. Run 'pod install' or update your CocoaPods installation.\" >&2\n    exit 1\nfi\n";
			showEnvVarsInLog = 0;
		};
		AB2B9DBBCFA20687A6368466 /* [CP] Copy Pods Resources */ = {
			isa = PBXShellScriptBuildPhase;
			buildActionMask = 2147483647;
			files = (
			);
			inputPaths = (
			);
			name = "[CP] Copy Pods Resources";
			outputPaths = (
			);
			runOnlyForDeploymentPostprocessing = 0;
			shellPath = /bin/sh;
			shellScript = "\"${SRCROOT}/Pods/Target Support Files/Pods-smack/Pods-smack-resources.sh\"\n";
			showEnvVarsInLog = 0;
		};
/* End PBXShellScriptBuildPhase section */

/* Begin PBXSourcesBuildPhase section */
		2BAD3605200EE9BA009811D3 /* Sources */ = {
			isa = PBXSourcesBuildPhase;
			buildActionMask = 2147483647;
			files = (
				2B59C49D201D5EBB00CBA599 /* ProfileVC.swift in Sources */,
				2B13A098201E5A57002AB4AC /* ChannelCell.swift in Sources */,
				2BEAF6212016B33200D9AB1E /* ChannelVC.swift in Sources */,
				2BFEBE212019652100E72FDC /* AvatarPickerVC.swift in Sources */,
				2BEAF62F2017D96F00D9AB1E /* RoundedButton.swift in Sources */,
				2B13A094201E4C82002AB4AC /* Channel.swift in Sources */,
				2B59C48F201BF53F00CBA599 /* CircleImage.swift in Sources */,
				2B13A092201E4C22002AB4AC /* MessageService.swift in Sources */,
				2BEAF61F2016B31700D9AB1E /* ChatVC.swift in Sources */,
				2BEAF6312019133800D9AB1E /* UserDataService.swift in Sources */,
				2BEAF62A2016DFB800D9AB1E /* CreateAccountVC.swift in Sources */,
				2BEAF62D2017C9BF00D9AB1E /* AuthService.swift in Sources */,
				2BEAF6232016BA1B00D9AB1E /* GradientView.swift in Sources */,
				2BEAF6282016DAC100D9AB1E /* LogInVC.swift in Sources */,
				2BFEBE23201967A900E72FDC /* AvatarCell.swift in Sources */,
				2BAD360D200EE9BA009811D3 /* AppDelegate.swift in Sources */,
				2BEAF61A2016B03700D9AB1E /* SWRevealViewController.m in Sources */,
				2BEAF6262016D41000D9AB1E /* Constants.swift in Sources */,
			);
			runOnlyForDeploymentPostprocessing = 0;
		};
/* End PBXSourcesBuildPhase section */

/* Begin PBXVariantGroup section */
		2BAD3610200EE9BA009811D3 /* Main.storyboard */ = {
			isa = PBXVariantGroup;
			children = (
				2BAD3611200EE9BA009811D3 /* Base */,
			);
			name = Main.storyboard;
			sourceTree = "<group>";
		};
		2BAD3615200EE9BA009811D3 /* LaunchScreen.storyboard */ = {
			isa = PBXVariantGroup;
			children = (
				2BAD3616200EE9BA009811D3 /* Base */,
			);
			name = LaunchScreen.storyboard;
			sourceTree = "<group>";
		};
/* End PBXVariantGroup section */

/* Begin XCBuildConfiguration section */
		2BAD3619200EE9BA009811D3 /* Debug */ = {
			isa = XCBuildConfiguration;
			buildSettings = {
				ALWAYS_SEARCH_USER_PATHS = NO;
				CLANG_ANALYZER_NONNULL = YES;
				CLANG_CXX_LANGUAGE_STANDARD = "gnu++0x";
				CLANG_CXX_LIBRARY = "libc++";
				CLANG_ENABLE_MODULES = YES;
				CLANG_ENABLE_OBJC_ARC = YES;
				CLANG_WARN_BOOL_CONVERSION = YES;
				CLANG_WARN_CONSTANT_CONVERSION = YES;
				CLANG_WARN_DIRECT_OBJC_ISA_USAGE = YES_ERROR;
				CLANG_WARN_DOCUMENTATION_COMMENTS = YES;
				CLANG_WARN_EMPTY_BODY = YES;
				CLANG_WARN_ENUM_CONVERSION = YES;
				CLANG_WARN_INFINITE_RECURSION = YES;
				CLANG_WARN_INT_CONVERSION = YES;
				CLANG_WARN_OBJC_ROOT_CLASS = YES_ERROR;
				CLANG_WARN_SUSPICIOUS_MOVE = YES;
				CLANG_WARN_UNREACHABLE_CODE = YES;
				CLANG_WARN__DUPLICATE_METHOD_MATCH = YES;
				"CODE_SIGN_IDENTITY[sdk=iphoneos*]" = "iPhone Developer";
				COPY_PHASE_STRIP = NO;
				DEBUG_INFORMATION_FORMAT = dwarf;
				ENABLE_STRICT_OBJC_MSGSEND = YES;
				ENABLE_TESTABILITY = YES;
				GCC_C_LANGUAGE_STANDARD = gnu99;
				GCC_DYNAMIC_NO_PIC = NO;
				GCC_NO_COMMON_BLOCKS = YES;
				GCC_OPTIMIZATION_LEVEL = 0;
				GCC_PREPROCESSOR_DEFINITIONS = (
					"DEBUG=1",
					"$(inherited)",
				);
				GCC_WARN_64_TO_32_BIT_CONVERSION = YES;
				GCC_WARN_ABOUT_RETURN_TYPE = YES_ERROR;
				GCC_WARN_UNDECLARED_SELECTOR = YES;
				GCC_WARN_UNINITIALIZED_AUTOS = YES_AGGRESSIVE;
				GCC_WARN_UNUSED_FUNCTION = YES;
				GCC_WARN_UNUSED_VARIABLE = YES;
				IPHONEOS_DEPLOYMENT_TARGET = 10.2;
				MTL_ENABLE_DEBUG_INFO = YES;
				ONLY_ACTIVE_ARCH = YES;
				SDKROOT = iphoneos;
				SWIFT_ACTIVE_COMPILATION_CONDITIONS = DEBUG;
				SWIFT_OPTIMIZATION_LEVEL = "-Onone";
				SWIFT_VERSION = "";
				TARGETED_DEVICE_FAMILY = "1,2";
			};
			name = Debug;
		};
		2BAD361A200EE9BA009811D3 /* Release */ = {
			isa = XCBuildConfiguration;
			buildSettings = {
				ALWAYS_SEARCH_USER_PATHS = NO;
				CLANG_ANALYZER_NONNULL = YES;
				CLANG_CXX_LANGUAGE_STANDARD = "gnu++0x";
				CLANG_CXX_LIBRARY = "libc++";
				CLANG_ENABLE_MODULES = YES;
				CLANG_ENABLE_OBJC_ARC = YES;
				CLANG_WARN_BOOL_CONVERSION = YES;
				CLANG_WARN_CONSTANT_CONVERSION = YES;
				CLANG_WARN_DIRECT_OBJC_ISA_USAGE = YES_ERROR;
				CLANG_WARN_DOCUMENTATION_COMMENTS = YES;
				CLANG_WARN_EMPTY_BODY = YES;
				CLANG_WARN_ENUM_CONVERSION = YES;
				CLANG_WARN_INFINITE_RECURSION = YES;
				CLANG_WARN_INT_CONVERSION = YES;
				CLANG_WARN_OBJC_ROOT_CLASS = YES_ERROR;
				CLANG_WARN_SUSPICIOUS_MOVE = YES;
				CLANG_WARN_UNREACHABLE_CODE = YES;
				CLANG_WARN__DUPLICATE_METHOD_MATCH = YES;
				"CODE_SIGN_IDENTITY[sdk=iphoneos*]" = "iPhone Developer";
				COPY_PHASE_STRIP = NO;
				DEBUG_INFORMATION_FORMAT = "dwarf-with-dsym";
				ENABLE_NS_ASSERTIONS = NO;
				ENABLE_STRICT_OBJC_MSGSEND = YES;
				GCC_C_LANGUAGE_STANDARD = gnu99;
				GCC_NO_COMMON_BLOCKS = YES;
				GCC_WARN_64_TO_32_BIT_CONVERSION = YES;
				GCC_WARN_ABOUT_RETURN_TYPE = YES_ERROR;
				GCC_WARN_UNDECLARED_SELECTOR = YES;
				GCC_WARN_UNINITIALIZED_AUTOS = YES_AGGRESSIVE;
				GCC_WARN_UNUSED_FUNCTION = YES;
				GCC_WARN_UNUSED_VARIABLE = YES;
				IPHONEOS_DEPLOYMENT_TARGET = 10.2;
				MTL_ENABLE_DEBUG_INFO = NO;
				SDKROOT = iphoneos;
				SWIFT_OPTIMIZATION_LEVEL = "-Owholemodule";
				SWIFT_VERSION = "";
				TARGETED_DEVICE_FAMILY = "1,2";
				VALIDATE_PRODUCT = YES;
			};
			name = Release;
		};
		2BAD361C200EE9BA009811D3 /* Debug */ = {
			isa = XCBuildConfiguration;
			baseConfigurationReference = 0F6729A6140CE0095F883D73 /* Pods-smack.debug.xcconfig */;
			buildSettings = {
				ASSETCATALOG_COMPILER_APPICON_NAME = AppIcon;
				CLANG_ENABLE_MODULES = YES;
				INFOPLIST_FILE = smack/Info.plist;
				LD_RUNPATH_SEARCH_PATHS = "$(inherited) @executable_path/Frameworks";
				PRODUCT_BUNDLE_IDENTIFIER = com.cratepull.smack;
				PRODUCT_NAME = "$(TARGET_NAME)";
				SWIFT_OBJC_BRIDGING_HEADER = "smack-Bridging-Header.h";
				SWIFT_OPTIMIZATION_LEVEL = "-Onone";
				SWIFT_VERSION = 3.0;
			};
			name = Debug;
		};
		2BAD361D200EE9BA009811D3 /* Release */ = {
			isa = XCBuildConfiguration;
			baseConfigurationReference = A39E0AC02139AC2FB9BD09F1 /* Pods-smack.release.xcconfig */;
			buildSettings = {
				ASSETCATALOG_COMPILER_APPICON_NAME = AppIcon;
				CLANG_ENABLE_MODULES = YES;
				INFOPLIST_FILE = smack/Info.plist;
				LD_RUNPATH_SEARCH_PATHS = "$(inherited) @executable_path/Frameworks";
				PRODUCT_BUNDLE_IDENTIFIER = com.cratepull.smack;
				PRODUCT_NAME = "$(TARGET_NAME)";
				SWIFT_OBJC_BRIDGING_HEADER = "smack-Bridging-Header.h";
				SWIFT_VERSION = 3.0;
			};
			name = Release;
		};
/* End XCBuildConfiguration section */

/* Begin XCConfigurationList section */
		2BAD3604200EE9BA009811D3 /* Build configuration list for PBXProject "smack" */ = {
			isa = XCConfigurationList;
			buildConfigurations = (
				2BAD3619200EE9BA009811D3 /* Debug */,
				2BAD361A200EE9BA009811D3 /* Release */,
			);
			defaultConfigurationIsVisible = 0;
			defaultConfigurationName = Release;
		};
		2BAD361B200EE9BA009811D3 /* Build configuration list for PBXNativeTarget "smack" */ = {
			isa = XCConfigurationList;
			buildConfigurations = (
				2BAD361C200EE9BA009811D3 /* Debug */,
				2BAD361D200EE9BA009811D3 /* Release */,
			);
			defaultConfigurationIsVisible = 0;
			defaultConfigurationName = Release;
		};
/* End XCConfigurationList section */
	};
	rootObject = 2BAD3601200EE9BA009811D3 /* Project object */;
}
